
Microsoft Visual Studio Solution File, Format Version 12.00
# Visual Studio Version 17
VisualStudioVersion = 17.0.31903.59
MinimumVisualStudioVersion = 10.0.40219.1
Project("{FAE04EC0-301F-11D3-BF4B-00C04F79EFBC}") = "AuthenticationService", "AuthenticationService\AuthenticationService.csproj", "{6ED9AE0D-E6B1-42F0-8696-1A9B7E4E193B}"
EndProject
Global
	GlobalSection(SolutionConfigurationPlatforms) = preSolution
		Debug|Any CPU = Debug|Any CPU
		Release|Any CPU = Release|Any CPU
	EndGlobalSection
	GlobalSection(ProjectConfigurationPlatforms) = postSolution
		{6ED9AE0D-E6B1-42F0-8696-1A9B7E4E193B}.Debug|Any CPU.ActiveCfg = Debug|Any CPU
		{6ED9AE0D-E6B1-42F0-8696-1A9B7E4E193B}.Debug|Any CPU.Build.0 = Debug|Any CPU
		{6ED9AE0D-E6B1-42F0-8696-1A9B7E4E193B}.Release|Any CPU.ActiveCfg = Release|Any CPU
		{6ED9AE0D-E6B1-42F0-8696-1A9B7E4E193B}.Release|Any CPU.Build.0 = Release|Any CPU
	EndGlobalSection
	GlobalSection(SolutionProperties) = preSolution
		HideSolutionNode = FALSE
	EndGlobalSection
	GlobalSection(ExtensibilityGlobals) = postSolution
		SolutionGuid = {5E768CB6-F560-42AD-9CB9-698065A68BB8}
	EndGlobalSection
EndGlobal
